{
  "name": "examples",
  "version": "2.0.0",
  "lockfileVersion": 1,
  "requires": true,
  "dependencies": {
    "@hai2007/algorithm": {
      "version": "0.4.2",
      "resolved": "https://registry.npmjs.org/@hai2007/algorithm/-/algorithm-0.4.2.tgz",
      "integrity": "sha512-P6SJQF8MGP1xSmacqt26LMHi/nvdj27q4fLPlhww/RlfJ69Vz4ssycuMRu+cvAugaOALuuvlxa1jNVkVtozY3g==",
      "requires": {
        "@hai2007/tool": "^0.3.1"
      },
      "dependencies": {
        "@hai2007/tool": {
          "version": "0.3.1",
          "resolved": "https://registry.npmjs.org/@hai2007/tool/-/tool-0.3.1.tgz",
          "integrity": "sha512-O+K+QPZNVf3f2H2+5fJdw5dPa9w5+3+CY8mjl5U4WNVzGHADyZuViLQpWJJMpp9ncWyVek84s/pl6lrr8mw/3A=="
        }
      }
    },
    "@hai2007/nodejs": {
      "version": "0.1.0",
      "resolved": "https://registry.npmjs.org/@hai2007/nodejs/-/nodejs-0.1.0.tgz",
      "integrity": "sha512-FZ8o46HrTJOdm9wnrTsDrkIhIuNaNjvhWN47VLY4NLj1OW3rzQ9WfML8ZTHwODEqISZ0Ze6DRZk0QZPDv3BA8g==",
      "dev": true,
      "requires": {
        "@hai2007/tool": "^0.4.0"
      }
    },
    "@hai2007/tool": {
      "version": "0.4.0",
      "resolved": "https://registry.npmjs.org/@hai2007/tool/-/tool-0.4.0.tgz",
      "integrity": "sha512-9LAyVVZLLw9TlC0+H1x1pu+JuDx69J1ij8HsUXtiP8Bj7YRyoG5stJMNAqVoVsvB+Bf9NcntexeuFnZigx3hWA==",
      "dev": true
    },
    "image2d": {
      "version": "1.13.0",
      "resolved": "https://registry.npmjs.org/image2d/-/image2d-1.13.0.tgz",
      "integrity": "sha512-pb6YFqcGOEyj1zzSvwO2pASlU1qRe1nW0KHN5Qypoufxx5LpQo4kvfuHLDybg/OjgODEhvM6uiQXYDNCeiDehw==",
      "requires": {
        "@hai2007/algorithm": "^0.4.1",
        "@hai2007/tool": "^0.3.1"
      },
      "dependencies": {
        "@hai2007/tool": {
          "version": "0.3.1",
          "resolved": "https://registry.npmjs.org/@hai2007/tool/-/tool-0.3.1.tgz",
          "integrity": "sha512-O+K+QPZNVf3f2H2+5fJdw5dPa9w5+3+CY8mjl5U4WNVzGHADyZuViLQpWJJMpp9ncWyVek84s/pl6lrr8mw/3A=="
        }
      }
    }
  }
}
